
Microsoft Visual Studio Solution File, Format Version 12.00
# Visual Studio Version 16
VisualStudioVersion = 16.0.30621.155
MinimumVisualStudioVersion = 10.0.40219.1
Project("{FAE04EC0-301F-11D3-BF4B-00C04F79EFBC}") = "WSBProjectCZ1", "WSBProjectCZ1\WSBProjectCZ1.csproj", "{CF0757E2-9B8C-4ECE-9ACF-69ABFD2AC921}"
EndProject
Global
	GlobalSection(SolutionConfigurationPlatforms) = preSolution
		Debug|Any CPU = Debug|Any CPU
		Release|Any CPU = Release|Any CPU
	EndGlobalSection
	GlobalSection(ProjectConfigurationPlatforms) = postSolution
		{CF0757E2-9B8C-4ECE-9ACF-69ABFD2AC921}.Debug|Any CPU.ActiveCfg = Debug|Any CPU
		{CF0757E2-9B8C-4ECE-9ACF-69ABFD2AC921}.Debug|Any CPU.Build.0 = Debug|Any CPU
		{CF0757E2-9B8C-4ECE-9ACF-69ABFD2AC921}.Release|Any CPU.ActiveCfg = Release|Any CPU
		{CF0757E2-9B8C-4ECE-9ACF-69ABFD2AC921}.Release|Any CPU.Build.0 = Release|Any CPU
	EndGlobalSection
	GlobalSection(SolutionProperties) = preSolution
		HideSolutionNode = FALSE
	EndGlobalSection
	GlobalSection(ExtensibilityGlobals) = postSolution
		SolutionGuid = {7EA04C14-AE5A-436F-AC66-7647B1643DD6}
	EndGlobalSection
EndGlobal
